<?xml version="1.0" encoding="utf-8"?>
<Project ToolsVersion="4.0" xmlns="http://schemas.microsoft.com/developer/msbuild/2003">
  <ItemGroup>
    <Filter Include="Source Files">
      <UniqueIdentifier>{4FC737F1-C7A5-4376-A066-2A32D752A2FF}</UniqueIdentifier>
      <Extensions>cpp;c;cc;cxx;c++;cppm;ixx;def;odl;idl;hpj;bat;asm;asmx</Extensions>
    </Filter>
    <Filter Include="Header Files">
      <UniqueIdentifier>{93995380-89BD-4b04-88EB-625FBE52EBFB}</UniqueIdentifier>
      <Extensions>h;hh;hpp;hxx;h++;hm;inl;inc;ipp;xsd</Extensions>
    </Filter>
    <Filter Include="Resource Files">
      <UniqueIdentifier>{67DA6AB6-F800-4c08-8B7A-83BB121AAD01}</UniqueIdentifier>
      <Extensions>rc;ico;cur;bmp;dlg;rc2;rct;bin;rgs;gif;jpg;jpeg;jpe;resx;tiff;tif;png;wav;mfcribbon-ms</Extensions>
    </Filter>
    <Filter Include="Source Files\WindowManager">
      <UniqueIdentifier>{3bad6f3b-b217-4230-b3cb-0b67a0e252e9}</UniqueIdentifier>
    </Filter>
    <Filter Include="Source Files\Game">
      <UniqueIdentifier>{7bbcefdf-ee90-493b-9565-c9e7678b064e}</UniqueIdentifier>
    </Filter>
    <Filter Include="Source Files\Renderer">
      <UniqueIdentifier>{f46dcf34-4377-4d6f-9fc3-10b0f7fdf863}</UniqueIdentifier>
    </Filter>
    <Filter Include="Source Files\RandomGenerator">
      <UniqueIdentifier>{52661e52-5004-4675-9c18-9b8c6bb21d26}</UniqueIdentifier>
    </Filter>
    <Filter Include="Resource Files\Shaders">
      <UniqueIdentifier>{e06674ae-1713-4849-ac67-6d04b1e438b6}</UniqueIdentifier>
    </Filter>
    <Filter Include="Source Files\AssetManager">
      <UniqueIdentifier>{89914817-19fe-470a-91df-f2273e27def8}</UniqueIdentifier>
    </Filter>
    <Filter Include="Source Files\Entity">
      <UniqueIdentifier>{c6327716-a817-425a-ba4a-2aa90545d4a9}</UniqueIdentifier>
    </Filter>
    <Filter Include="Source Files\Entity\TexturableEntity">
      <UniqueIdentifier>{36f6bda1-63cc-4fd5-9690-a9c494128e80}</UniqueIdentifier>
    </Filter>
    <Filter Include="Source Files\InputManager">
      <UniqueIdentifier>{66456ee8-8e35-43f1-92a6-58ed13c0570b}</UniqueIdentifier>
    </Filter>
    <Filter Include="Source Files\Entity\TextEntity">
      <UniqueIdentifier>{e5be71b3-1347-4069-bb30-0a86b52a663c}</UniqueIdentifier>
    </Filter>
    <Filter Include="Source Files\Entity\Button">
      <UniqueIdentifier>{c9b177fd-c9f9-408d-8481-9fb17d6bb8d0}</UniqueIdentifier>
    </Filter>
    <Filter Include="Source Files\VisualInterface">
      <UniqueIdentifier>{52eedeeb-0d7f-483b-b834-fd435a06414a}</UniqueIdentifier>
    </Filter>
    <Filter Include="Source Files\Entity\TextOnBackground">
      <UniqueIdentifier>{4885f520-2ec5-4f76-8213-98c2193bd1c6}</UniqueIdentifier>
    </Filter>
    <Filter Include="Source Files\Entity\BoardTile">
      <UniqueIdentifier>{91a29d9b-e9f0-4044-a389-99a41dd80383}</UniqueIdentifier>
    </Filter>
    <Filter Include="Source Files\Client">
      <UniqueIdentifier>{4fd075a7-c075-4202-b771-b982f8d6a155}</UniqueIdentifier>
    </Filter>
    <Filter Include="Source Files\Server">
      <UniqueIdentifier>{8384d71f-55ba-4b9c-93dc-eb1d030e7d8a}</UniqueIdentifier>
    </Filter>
    <Filter Include="Source Files\Entity\DataBox">
      <UniqueIdentifier>{2492dbcc-b17e-4150-9c43-feaf4cb26d34}</UniqueIdentifier>
    </Filter>
    <Filter Include="Source Files\Entity\SoundSetting">
      <UniqueIdentifier>{244ace95-ca8c-4018-ad50-664afc600007}</UniqueIdentifier>
    </Filter>
    <Filter Include="Source Files\Entity\JoinInputForm">
      <UniqueIdentifier>{daf7115f-dee6-4fe1-9d0b-f81b1bfc2dfa}</UniqueIdentifier>
    </Filter>
    <Filter Include="Source Files\Entity\CreateInputForm">
      <UniqueIdentifier>{e12e4bdd-7754-4b55-8e40-ebe14a878040}</UniqueIdentifier>
    </Filter>
    <Filter Include="Source Files\BoardVisualizer">
      <UniqueIdentifier>{98dbd8c0-b730-487d-b1e1-20781561a122}</UniqueIdentifier>
    </Filter>
    <Filter Include="Source Files\BoardManager">
      <UniqueIdentifier>{52368cab-c902-4306-85e1-27186f7eb926}</UniqueIdentifier>
    </Filter>
    <Filter Include="Source Files\VisualInterface\SingleplayerGameVisualInterface">
      <UniqueIdentifier>{a1f20a69-89c0-49e2-b46c-6eb8da0daa10}</UniqueIdentifier>
    </Filter>
    <Filter Include="Source Files\GameMetadata">
      <UniqueIdentifier>{ad865b7f-3182-4c63-a433-8c3fb3a1df43}</UniqueIdentifier>
    </Filter>
    <Filter Include="Source Files\GlobalClock">
      <UniqueIdentifier>{1dc675c9-72fd-4b86-afb2-5ea258811f77}</UniqueIdentifier>
    </Filter>
    <Filter Include="Source Files\VisualInterface\CreatedMultiplayerGameVisualInterface">
      <UniqueIdentifier>{cc71ce49-a4ba-4c15-8ea7-ff76dcefd280}</UniqueIdentifier>
    </Filter>
    <Filter Include="Source Files\VisualInterface\JoinedMultiplayerGameVisualInterface">
      <UniqueIdentifier>{9832cce9-159d-4ba0-84f3-be3b8f746a3e}</UniqueIdentifier>
    </Filter>
    <Filter Include="Source Files\VisualInterface\MultiplayerColorMenuVisualInterface">
      <UniqueIdentifier>{bba05abd-94c7-4142-a877-c528b8b84acb}</UniqueIdentifier>
    </Filter>
    <Filter Include="Source Files\GameAgent">
      <UniqueIdentifier>{9cc2571a-dbf7-41b3-a6c9-4e2f359a7a91}</UniqueIdentifier>
    </Filter>
    <Filter Include="Source Files\GameAgent\GreedyMinMaxAgent">
      <UniqueIdentifier>{879156ce-7be6-4cd7-9679-f2ca66a105a0}</UniqueIdentifier>
    </Filter>
  </ItemGroup>
  <ItemGroup>
    <ClCompile Include="source\main.cpp">
      <Filter>Source Files</Filter>
    </ClCompile>
    <ClCompile Include="source\WindowManager\WindowManager.cpp">
      <Filter>Source Files\WindowManager</Filter>
    </ClCompile>
    <ClCompile Include="source\Game\Game.cpp">
      <Filter>Source Files\Game</Filter>
    </ClCompile>
    <ClCompile Include="source\Renderer\Renderer.cpp">
      <Filter>Source Files\Renderer</Filter>
    </ClCompile>
    <ClCompile Include="source\RandomGenerator\RandomGenerator.cpp">
      <Filter>Source Files\RandomGenerator</Filter>
    </ClCompile>
    <ClCompile Include="source\AssetManager\AssetManager.cpp">
      <Filter>Source Files\AssetManager</Filter>
    </ClCompile>
    <ClCompile Include="source\Entity\Entity.cpp">
      <Filter>Source Files\Entity</Filter>
    </ClCompile>
    <ClCompile Include="source\Entity\TexturableEntity\TexturableEntity.cpp">
      <Filter>Source Files\Entity\TexturableEntity</Filter>
    </ClCompile>
    <ClCompile Include="source\InputManager\InputManager.cpp">
      <Filter>Source Files\InputManager</Filter>
    </ClCompile>
    <ClCompile Include="source\Entity\TextEntity\TextEntity.cpp">
      <Filter>Source Files\Entity\TextEntity</Filter>
    </ClCompile>
    <ClCompile Include="source\Entity\Button\Button.cpp">
      <Filter>Source Files\Entity\Button</Filter>
    </ClCompile>
    <ClCompile Include="source\VisualInterface\VisualInterface.cpp">
      <Filter>Source Files\VisualInterface</Filter>
    </ClCompile>
    <ClCompile Include="source\Entity\TextOnBackgroundEntity\TextOnBackgroundEntity.cpp">
      <Filter>Source Files\Entity\TextOnBackground</Filter>
    </ClCompile>
    <ClCompile Include="source\Entity\BoardTile\BoardTile.cpp">
      <Filter>Source Files\Entity\BoardTile</Filter>
    </ClCompile>
    <ClCompile Include="source\Server\Server.cpp">
      <Filter>Source Files\Server</Filter>
    </ClCompile>
    <ClCompile Include="source\Client\Client.cpp">
      <Filter>Source Files\Client</Filter>
    </ClCompile>
    <ClCompile Include="source\Entity\DataBox\DataBox.cpp">
      <Filter>Source Files\Entity\DataBox</Filter>
    </ClCompile>
    <ClCompile Include="source\Entity\SoundSetting\SoundSetting.cpp">
      <Filter>Source Files\Entity\SoundSetting</Filter>
    </ClCompile>
    <ClCompile Include="source\Entity\CreateInputForm\CreateInputForm.cpp">
      <Filter>Source Files\Entity\CreateInputForm</Filter>
    </ClCompile>
    <ClCompile Include="source\Entity\JoinInputForm\JoinInputForm.cpp">
      <Filter>Source Files\Entity\JoinInputForm</Filter>
    </ClCompile>
    <ClCompile Include="source\BoardVisualizer\BoardVisualizer.cpp">
      <Filter>Source Files\BoardVisualizer</Filter>
    </ClCompile>
    <ClCompile Include="source\BoardManager\BoardManager.cpp">
      <Filter>Source Files\BoardManager</Filter>
    </ClCompile>
    <ClCompile Include="source\VisualInterface\SingleplayerGameVisualInterface\SingleplayerGameVisualInterface.cpp">
      <Filter>Source Files\VisualInterface\SingleplayerGameVisualInterface</Filter>
    </ClCompile>
    <ClCompile Include="source\GameMetadata\GameMetadata.cpp">
      <Filter>Source Files\GameMetadata</Filter>
    </ClCompile>
    <ClCompile Include="source\GlobalClock\GlobalClock.cpp">
      <Filter>Source Files\GlobalClock</Filter>
    </ClCompile>
    <ClCompile Include="source\VisualInterface\CreatedMultiplayerGameVisualInterface\CreatedMultiplayerGameVisualInterface.cpp">
      <Filter>Source Files\VisualInterface\CreatedMultiplayerGameVisualInterface</Filter>
    </ClCompile>
    <ClCompile Include="source\VisualInterface\JoinedMultiplayerGameVisualInterface\JoinedMultiplayerGameVisualInterface.cpp">
      <Filter>Source Files\VisualInterface\JoinedMultiplayerGameVisualInterface</Filter>
    </ClCompile>
    <ClCompile Include="source\VisualInterface\MultiplayerColorMenuVisualInterface\MultiplayerColorMenuVisualInterface.cpp">
      <Filter>Source Files\VisualInterface\MultiplayerColorMenuVisualInterface</Filter>
    </ClCompile>
    <ClCompile Include="source\GameAgent\GameAgent.cpp">
      <Filter>Source Files\GameAgent</Filter>
    </ClCompile>
    <ClCompile Include="source\GameAgent\GreedyMinMaxAgent\GreedyMinMaxAgent.cpp">
      <Filter>Source Files\GameAgent\GreedyMinMaxAgent</Filter>
    </ClCompile>
  </ItemGroup>
  <ItemGroup>
    <ClInclude Include="source\WindowManager\WindowManager.h">
      <Filter>Source Files\WindowManager</Filter>
    </ClInclude>
    <ClInclude Include="source\Game\Game.h">
      <Filter>Source Files\Game</Filter>
    </ClInclude>
    <ClInclude Include="source\Renderer\Renderer.h">
      <Filter>Source Files\Renderer</Filter>
    </ClInclude>
    <ClInclude Include="source\RandomGenerator\RandomGenerator.h">
      <Filter>Source Files\RandomGenerator</Filter>
    </ClInclude>
    <ClInclude Include="source\AssetManager\AssetManager.h">
      <Filter>Source Files\AssetManager</Filter>
    </ClInclude>
    <ClInclude Include="source\Entity\Entity.h">
      <Filter>Source Files\Entity</Filter>
    </ClInclude>
    <ClInclude Include="source\Entity\TexturableEntity\TexturableEntity.h">
      <Filter>Source Files\Entity\TexturableEntity</Filter>
    </ClInclude>
    <ClInclude Include="source\InputManager\InputManager.h">
      <Filter>Source Files\InputManager</Filter>
    </ClInclude>
    <ClInclude Include="source\Entity\TextEntity\TextEntity.h">
      <Filter>Source Files\Entity\TextEntity</Filter>
    </ClInclude>
    <ClInclude Include="source\Entity\Button\Button.h">
      <Filter>Source Files\Entity\Button</Filter>
    </ClInclude>
    <ClInclude Include="source\VisualInterface\VisualInterface.h">
      <Filter>Source Files\VisualInterface</Filter>
    </ClInclude>
    <ClInclude Include="source\Entity\TextOnBackgroundEntity\TextOnBackgroundEntity.h">
      <Filter>Source Files\Entity\TextOnBackground</Filter>
    </ClInclude>
    <ClInclude Include="source\Entity\BoardTile\BoardTile.h">
      <Filter>Source Files\Entity\BoardTile</Filter>
    </ClInclude>
    <ClInclude Include="source\Server\Server.h">
      <Filter>Source Files\Server</Filter>
    </ClInclude>
    <ClInclude Include="source\Client\Client.h">
      <Filter>Source Files\Client</Filter>
    </ClInclude>
    <ClInclude Include="source\Entity\DataBox\DataBox.h">
      <Filter>Source Files\Entity\DataBox</Filter>
    </ClInclude>
    <ClInclude Include="source\Entity\SoundSetting\SoundSetting.h">
      <Filter>Source Files\Entity\SoundSetting</Filter>
    </ClInclude>
    <ClInclude Include="source\Entity\CreateInputForm\CreateInputForm.h">
      <Filter>Source Files\Entity\CreateInputForm</Filter>
    </ClInclude>
    <ClInclude Include="source\Entity\JoinInputForm\JoinInputForm.h">
      <Filter>Source Files\Entity\JoinInputForm</Filter>
    </ClInclude>
    <ClInclude Include="source\BoardVisualizer\BoardVisualizer.h">
      <Filter>Source Files\BoardVisualizer</Filter>
    </ClInclude>
    <ClInclude Include="source\VisualInterface\SingleplayerGameVisualInterface\SingleplayerGameVisualInterface.h">
      <Filter>Source Files\VisualInterface\SingleplayerGameVisualInterface</Filter>
    </ClInclude>
    <ClInclude Include="source\GameMetadata\GameMetadata.h">
      <Filter>Source Files\GameMetadata</Filter>
    </ClInclude>
    <ClInclude Include="source\GlobalClock\GlobalClock.h">
      <Filter>Source Files\GlobalClock</Filter>
    </ClInclude>
    <ClInclude Include="source\VisualInterface\CreatedMultiplayerGameVisualInterface\CreatedMultiplayerGameVisualInterface.h">
      <Filter>Source Files\VisualInterface\CreatedMultiplayerGameVisualInterface</Filter>
    </ClInclude>
    <ClInclude Include="source\VisualInterface\JoinedMultiplayerGameVisualInterface\JoinedMultiplayerGameVisualInterface.h">
      <Filter>Source Files\VisualInterface\JoinedMultiplayerGameVisualInterface</Filter>
    </ClInclude>
    <ClInclude Include="source\VisualInterface\MultiplayerColorMenuVisualInterface\MultiplayerColorMenuVisualInterface.h">
      <Filter>Source Files\VisualInterface\MultiplayerColorMenuVisualInterface</Filter>
    </ClInclude>
    <ClInclude Include="source\GameAgent\GameAgent.h">
      <Filter>Source Files\GameAgent</Filter>
    </ClInclude>
    <ClInclude Include="source\GameAgent\GreedyMinMaxAgent\GreedyMinMaxAgent.h">
      <Filter>Source Files\GameAgent\GreedyMinMaxAgent</Filter>
    </ClInclude>
    <ClInclude Include="source\BoardManager\BoardManager.h">
      <Filter>Source Files\BoardManager</Filter>
    </ClInclude>
  </ItemGroup>
  <ItemGroup>
    <Text Include="shaders\vertexShader.txt">
      <Filter>Resource Files\Shaders</Filter>
    </Text>
    <Text Include="shaders\fragmentShader.txt">
      <Filter>Resource Files\Shaders</Filter>
    </Text>
  </ItemGroup>
</Project>